
Microsoft Visual Studio Solution File, Format Version 12.00
# Visual Studio Version 17
VisualStudioVersion = 17.14.36414.22 d17.14
MinimumVisualStudioVersion = 10.0.40219.1
Project("{FAE04EC0-301F-11D3-BF4B-00C04F79EFBC}") = "VietnameseTranslation", "VietnameseTranslation\VietnameseTranslation.csproj", "{C18AB2E7-C21D-410C-8B06-A0B8F47C7044}"
EndProject
Global
	GlobalSection(SolutionConfigurationPlatforms) = preSolution
		Debug|Any CPU = Debug|Any CPU
		Release|Any CPU = Release|Any CPU
	EndGlobalSection
	GlobalSection(ProjectConfigurationPlatforms) = postSolution
		{C18AB2E7-C21D-410C-8B06-A0B8F47C7044}.Debug|Any CPU.ActiveCfg = Debug|Any CPU
		{C18AB2E7-C21D-410C-8B06-A0B8F47C7044}.Debug|Any CPU.Build.0 = Debug|Any CPU
		{C18AB2E7-C21D-410C-8B06-A0B8F47C7044}.Release|Any CPU.ActiveCfg = Release|Any CPU
		{C18AB2E7-C21D-410C-8B06-A0B8F47C7044}.Release|Any CPU.Build.0 = Release|Any CPU
	EndGlobalSection
	GlobalSection(SolutionProperties) = preSolution
		HideSolutionNode = FALSE
	EndGlobalSection
	GlobalSection(ExtensibilityGlobals) = postSolution
		SolutionGuid = {C2AF3B44-0EDA-45E6-9A86-6C9EC445A8E0}
	EndGlobalSection
EndGlobal
